
Microsoft Visual Studio Solution File, Format Version 12.00
# Visual Studio Version 17
VisualStudioVersion = 17.6.33712.159
MinimumVisualStudioVersion = 10.0.40219.1
Project("{2150E333-8FDC-42A3-9474-1A3956D46DE8}") = "Logging", "Logging", "{543339C0-B4CF-424F-B2E0-B378A5678141}"
EndProject
Project("{9A19103F-16F7-4668-BE54-9A1E7A4F7556}") = "Dr.Logging.Abstractions", "Dr.Logging.Abstractions\Dr.Logging.Abstractions.csproj", "{9141B567-1E63-48DD-841C-CD49F7CA0CD6}"
EndProject
Project("{9A19103F-16F7-4668-BE54-9A1E7A4F7556}") = "Dr.Logging.RabbitMQ", "Dr.Logging.RabbitMQ\Dr.Logging.RabbitMQ.csproj", "{1D206F84-9752-4388-859E-DFFAE06E0DAB}"
EndProject
Project("{9A19103F-16F7-4668-BE54-9A1E7A4F7556}") = "Dr.Logging.Abstractions.Test", "Dr.Logging.Abstractions.Test\Dr.Logging.Abstractions.Test.csproj", "{2EDD7980-BFD7-4E62-A232-BF16FB6D5EB1}"
EndProject
Project("{9A19103F-16F7-4668-BE54-9A1E7A4F7556}") = "Dr.Logging.Abstraction.IntegrationTest", "Dr.Loggin.Abstraction.IntegrationTest\Dr.Logging.Abstraction.IntegrationTest.csproj", "{25AECE72-76AC-43D1-8174-003AD89D4C70}"
EndProject
Project("{9A19103F-16F7-4668-BE54-9A1E7A4F7556}") = "Dr.Logging.Kafka", "Dr.Logging.Kafka\Dr.Logging.Kafka.csproj", "{B78FAFCB-0D79-4741-A33D-4BFF29ED4826}"
EndProject
Project("{9A19103F-16F7-4668-BE54-9A1E7A4F7556}") = "Dr.Logging.AspNetCore", "Dr.Logging.AspNetCore\Dr.Logging.AspNetCore.csproj", "{CE4EE67D-7F86-47C6-BC5A-36E41F213113}"
EndProject
Project("{FAE04EC0-301F-11D3-BF4B-00C04F79EFBC}") = "Dr.Logging.AspNetCoreSample", "Dr.Logging.AspNetCoreSample\Dr.Logging.AspNetCoreSample.csproj", "{4058C16D-3114-4826-8BF5-E80DEB0D2B4A}"
EndProject
Global
	GlobalSection(SolutionConfigurationPlatforms) = preSolution
		Debug|Any CPU = Debug|Any CPU
		Release|Any CPU = Release|Any CPU
	EndGlobalSection
	GlobalSection(ProjectConfigurationPlatforms) = postSolution
		{9141B567-1E63-48DD-841C-CD49F7CA0CD6}.Debug|Any CPU.ActiveCfg = Debug|Any CPU
		{9141B567-1E63-48DD-841C-CD49F7CA0CD6}.Debug|Any CPU.Build.0 = Debug|Any CPU
		{9141B567-1E63-48DD-841C-CD49F7CA0CD6}.Release|Any CPU.ActiveCfg = Release|Any CPU
		{9141B567-1E63-48DD-841C-CD49F7CA0CD6}.Release|Any CPU.Build.0 = Release|Any CPU
		{1D206F84-9752-4388-859E-DFFAE06E0DAB}.Debug|Any CPU.ActiveCfg = Debug|Any CPU
		{1D206F84-9752-4388-859E-DFFAE06E0DAB}.Debug|Any CPU.Build.0 = Debug|Any CPU
		{1D206F84-9752-4388-859E-DFFAE06E0DAB}.Release|Any CPU.ActiveCfg = Release|Any CPU
		{1D206F84-9752-4388-859E-DFFAE06E0DAB}.Release|Any CPU.Build.0 = Release|Any CPU
		{2EDD7980-BFD7-4E62-A232-BF16FB6D5EB1}.Debug|Any CPU.ActiveCfg = Debug|Any CPU
		{2EDD7980-BFD7-4E62-A232-BF16FB6D5EB1}.Debug|Any CPU.Build.0 = Debug|Any CPU
		{2EDD7980-BFD7-4E62-A232-BF16FB6D5EB1}.Release|Any CPU.ActiveCfg = Release|Any CPU
		{2EDD7980-BFD7-4E62-A232-BF16FB6D5EB1}.Release|Any CPU.Build.0 = Release|Any CPU
		{25AECE72-76AC-43D1-8174-003AD89D4C70}.Debug|Any CPU.ActiveCfg = Debug|Any CPU
		{25AECE72-76AC-43D1-8174-003AD89D4C70}.Debug|Any CPU.Build.0 = Debug|Any CPU
		{25AECE72-76AC-43D1-8174-003AD89D4C70}.Release|Any CPU.ActiveCfg = Release|Any CPU
		{25AECE72-76AC-43D1-8174-003AD89D4C70}.Release|Any CPU.Build.0 = Release|Any CPU
		{B78FAFCB-0D79-4741-A33D-4BFF29ED4826}.Debug|Any CPU.ActiveCfg = Debug|Any CPU
		{B78FAFCB-0D79-4741-A33D-4BFF29ED4826}.Debug|Any CPU.Build.0 = Debug|Any CPU
		{B78FAFCB-0D79-4741-A33D-4BFF29ED4826}.Release|Any CPU.ActiveCfg = Release|Any CPU
		{B78FAFCB-0D79-4741-A33D-4BFF29ED4826}.Release|Any CPU.Build.0 = Release|Any CPU
		{CE4EE67D-7F86-47C6-BC5A-36E41F213113}.Debug|Any CPU.ActiveCfg = Debug|Any CPU
		{CE4EE67D-7F86-47C6-BC5A-36E41F213113}.Debug|Any CPU.Build.0 = Debug|Any CPU
		{CE4EE67D-7F86-47C6-BC5A-36E41F213113}.Release|Any CPU.ActiveCfg = Release|Any CPU
		{CE4EE67D-7F86-47C6-BC5A-36E41F213113}.Release|Any CPU.Build.0 = Release|Any CPU
		{4058C16D-3114-4826-8BF5-E80DEB0D2B4A}.Debug|Any CPU.ActiveCfg = Debug|Any CPU
		{4058C16D-3114-4826-8BF5-E80DEB0D2B4A}.Debug|Any CPU.Build.0 = Debug|Any CPU
		{4058C16D-3114-4826-8BF5-E80DEB0D2B4A}.Release|Any CPU.ActiveCfg = Release|Any CPU
		{4058C16D-3114-4826-8BF5-E80DEB0D2B4A}.Release|Any CPU.Build.0 = Release|Any CPU
	EndGlobalSection
	GlobalSection(SolutionProperties) = preSolution
		HideSolutionNode = FALSE
	EndGlobalSection
	GlobalSection(NestedProjects) = preSolution
		{9141B567-1E63-48DD-841C-CD49F7CA0CD6} = {543339C0-B4CF-424F-B2E0-B378A5678141}
		{1D206F84-9752-4388-859E-DFFAE06E0DAB} = {543339C0-B4CF-424F-B2E0-B378A5678141}
		{2EDD7980-BFD7-4E62-A232-BF16FB6D5EB1} = {543339C0-B4CF-424F-B2E0-B378A5678141}
		{25AECE72-76AC-43D1-8174-003AD89D4C70} = {543339C0-B4CF-424F-B2E0-B378A5678141}
		{B78FAFCB-0D79-4741-A33D-4BFF29ED4826} = {543339C0-B4CF-424F-B2E0-B378A5678141}
		{CE4EE67D-7F86-47C6-BC5A-36E41F213113} = {543339C0-B4CF-424F-B2E0-B378A5678141}
		{4058C16D-3114-4826-8BF5-E80DEB0D2B4A} = {543339C0-B4CF-424F-B2E0-B378A5678141}
	EndGlobalSection
	GlobalSection(ExtensibilityGlobals) = postSolution
		SolutionGuid = {FE3D7734-85FD-4075-A0AC-D318622500C6}
	EndGlobalSection
EndGlobal
